// !$*UTF8*$!
{
	archiveVersion = 1;
	classes = {
	};
	objectVersion = 55;
	objects = {

/* Begin PBXBuildFile section */
		04AEF9C8283DFC73002744B7 /* SearchViewModel.swift in Sources */ = {isa = PBXBuildFile; fileRef = 04AEF9C7283DFC73002744B7 /* SearchViewModel.swift */; };
		04AEF9CB283E0773002744B7 /* Alamofire in Frameworks */ = {isa = PBXBuildFile; productRef = 04AEF9CA283E0773002744B7 /* Alamofire */; };
		04AEF9D0283E0997002744B7 /* URL.swift in Sources */ = {isa = PBXBuildFile; fileRef = 04AEF9CF283E0997002744B7 /* URL.swift */; };
		04CA4AA5283D9C250094AC30 /* WatchaApp.swift in Sources */ = {isa = PBXBuildFile; fileRef = 04CA4AA4283D9C250094AC30 /* WatchaApp.swift */; };
		04CA4AA9283D9C260094AC30 /* Assets.xcassets in Resources */ = {isa = PBXBuildFile; fileRef = 04CA4AA8283D9C260094AC30 /* Assets.xcassets */; };
		04CA4AAC283D9C260094AC30 /* Preview Assets.xcassets in Resources */ = {isa = PBXBuildFile; fileRef = 04CA4AAB283D9C260094AC30 /* Preview Assets.xcassets */; };
		04CA4AB4283D9CE90094AC30 /* SearchBar.swift in Sources */ = {isa = PBXBuildFile; fileRef = 04CA4AB3283D9CE90094AC30 /* SearchBar.swift */; };
		04CA4AB6283D9CFE0094AC30 /* SearchList.swift in Sources */ = {isa = PBXBuildFile; fileRef = 04CA4AB5283D9CFE0094AC30 /* SearchList.swift */; };
		04CA4AB8283D9D0B0094AC30 /* SearchDetail.swift in Sources */ = {isa = PBXBuildFile; fileRef = 04CA4AB7283D9D0B0094AC30 /* SearchDetail.swift */; };
		04CA4ABC283D9D600094AC30 /* Model.swift in Sources */ = {isa = PBXBuildFile; fileRef = 04CA4ABB283D9D600094AC30 /* Model.swift */; };
		04CA4ABE283D9DEA0094AC30 /* ContentView.swift in Sources */ = {isa = PBXBuildFile; fileRef = 04CA4ABD283D9DEA0094AC30 /* ContentView.swift */; };
		04CA4AC1283D9F3F0094AC30 /* SearchRow.swift in Sources */ = {isa = PBXBuildFile; fileRef = 04CA4AC0283D9F3F0094AC30 /* SearchRow.swift */; };
		04CA4AC9283DCFF50094AC30 /* APIManager.swift in Sources */ = {isa = PBXBuildFile; fileRef = 04CA4AC8283DCFF50094AC30 /* APIManager.swift */; };
		04CA4ACB283DD0000094AC30 /* APIServices.swift in Sources */ = {isa = PBXBuildFile; fileRef = 04CA4ACA283DD0000094AC30 /* APIServices.swift */; };
		04CA4ACD283DD2B10094AC30 /* User.swift in Sources */ = {isa = PBXBuildFile; fileRef = 04CA4ACC283DD2B10094AC30 /* User.swift */; };
		04CA4ACF283DD32A0094AC30 /* Images.swift in Sources */ = {isa = PBXBuildFile; fileRef = 04CA4ACE283DD32A0094AC30 /* Images.swift */; };
/* End PBXBuildFile section */

/* Begin PBXFileReference section */
		04AEF9C7283DFC73002744B7 /* SearchViewModel.swift */ = {isa = PBXFileReference; lastKnownFileType = sourcecode.swift; path = SearchViewModel.swift; sourceTree = "<group>"; };
		04AEF9CF283E0997002744B7 /* URL.swift */ = {isa = PBXFileReference; lastKnownFileType = sourcecode.swift; path = URL.swift; sourceTree = "<group>"; };
		04CA4AA1283D9C250094AC30 /* Watcha.app */ = {isa = PBXFileReference; explicitFileType = wrapper.application; includeInIndex = 0; path = Watcha.app; sourceTree = BUILT_PRODUCTS_DIR; };
		04CA4AA4283D9C250094AC30 /* WatchaApp.swift */ = {isa = PBXFileReference; lastKnownFileType = sourcecode.swift; path = WatchaApp.swift; sourceTree = "<group>"; };
		04CA4AA8283D9C260094AC30 /* Assets.xcassets */ = {isa = PBXFileReference; lastKnownFileType = folder.assetcatalog; path = Assets.xcassets; sourceTree = "<group>"; };
		04CA4AAB283D9C260094AC30 /* Preview Assets.xcassets */ = {isa = PBXFileReference; lastKnownFileType = folder.assetcatalog; path = "Preview Assets.xcassets"; sourceTree = "<group>"; };
		04CA4AB3283D9CE90094AC30 /* SearchBar.swift */ = {isa = PBXFileReference; lastKnownFileType = sourcecode.swift; path = SearchBar.swift; sourceTree = "<group>"; };
		04CA4AB5283D9CFE0094AC30 /* SearchList.swift */ = {isa = PBXFileReference; lastKnownFileType = sourcecode.swift; path = SearchList.swift; sourceTree = "<group>"; };
		04CA4AB7283D9D0B0094AC30 /* SearchDetail.swift */ = {isa = PBXFileReference; lastKnownFileType = sourcecode.swift; path = SearchDetail.swift; sourceTree = "<group>"; };
		04CA4ABB283D9D600094AC30 /* Model.swift */ = {isa = PBXFileReference; lastKnownFileType = sourcecode.swift; path = Model.swift; sourceTree = "<group>"; };
		04CA4ABD283D9DEA0094AC30 /* ContentView.swift */ = {isa = PBXFileReference; lastKnownFileType = sourcecode.swift; path = ContentView.swift; sourceTree = "<group>"; };
		04CA4AC0283D9F3F0094AC30 /* SearchRow.swift */ = {isa = PBXFileReference; lastKnownFileType = sourcecode.swift; path = SearchRow.swift; sourceTree = "<group>"; };
		04CA4AC8283DCFF50094AC30 /* APIManager.swift */ = {isa = PBXFileReference; lastKnownFileType = sourcecode.swift; path = APIManager.swift; sourceTree = "<group>"; };
		04CA4ACA283DD0000094AC30 /* APIServices.swift */ = {isa = PBXFileReference; lastKnownFileType = sourcecode.swift; path = APIServices.swift; sourceTree = "<group>"; };
		04CA4ACC283DD2B10094AC30 /* User.swift */ = {isa = PBXFileReference; lastKnownFileType = sourcecode.swift; path = User.swift; sourceTree = "<group>"; };
		04CA4ACE283DD32A0094AC30 /* Images.swift */ = {isa = PBXFileReference; lastKnownFileType = sourcecode.swift; path = Images.swift; sourceTree = "<group>"; };
/* End PBXFileReference section */

/* Begin PBXFrameworksBuildPhase section */
		04CA4A9E283D9C250094AC30 /* Frameworks */ = {
			isa = PBXFrameworksBuildPhase;
			buildActionMask = 2147483647;
			files = (
				04AEF9CB283E0773002744B7 /* Alamofire in Frameworks */,
			);
			runOnlyForDeploymentPostprocessing = 0;
		};
/* End PBXFrameworksBuildPhase section */

/* Begin PBXGroup section */
		04AEF9CC283E095C002744B7 /* Constants */ = {
			isa = PBXGroup;
			children = (
				04AEF9CF283E0997002744B7 /* URL.swift */,
			);
			path = Constants;
			sourceTree = "<group>";
		};
		04CA4A98283D9C250094AC30 = {
			isa = PBXGroup;
			children = (
				04CA4AA3283D9C250094AC30 /* Watcha */,
				04CA4AA2283D9C250094AC30 /* Products */,
			);
			sourceTree = "<group>";
		};
		04CA4AA2283D9C250094AC30 /* Products */ = {
			isa = PBXGroup;
			children = (
				04CA4AA1283D9C250094AC30 /* Watcha.app */,
			);
			name = Products;
			sourceTree = "<group>";
		};
		04CA4AA3283D9C250094AC30 /* Watcha */ = {
			isa = PBXGroup;
			children = (
				04CA4ABA283D9D370094AC30 /* Application */,
				04AEF9CC283E095C002744B7 /* Constants */,
				04CA4AB9283D9D270094AC30 /* Models */,
				04CA4AB2283D9C6E0094AC30 /* Views */,
				04CA4AC7283DCFB50094AC30 /* Services */,
				04CA4AA8283D9C260094AC30 /* Assets.xcassets */,
				04CA4AAA283D9C260094AC30 /* Preview Content */,
			);
			path = Watcha;
			sourceTree = "<group>";
		};
		04CA4AAA283D9C260094AC30 /* Preview Content */ = {
			isa = PBXGroup;
			children = (
				04CA4AAB283D9C260094AC30 /* Preview Assets.xcassets */,
			);
			path = "Preview Content";
			sourceTree = "<group>";
		};
		04CA4AB2283D9C6E0094AC30 /* Views */ = {
			isa = PBXGroup;
			children = (
				04CA4ABD283D9DEA0094AC30 /* ContentView.swift */,
				04CA4ABF283D9DF60094AC30 /* Search */,
			);
			path = Views;
			sourceTree = "<group>";
		};
		04CA4AB9283D9D270094AC30 /* Models */ = {
			isa = PBXGroup;
			children = (
				04CA4ABB283D9D600094AC30 /* Model.swift */,
				04CA4ACC283DD2B10094AC30 /* User.swift */,
				04CA4ACE283DD32A0094AC30 /* Images.swift */,
			);
			path = Models;
			sourceTree = "<group>";
		};
		04CA4ABA283D9D370094AC30 /* Application */ = {
			isa = PBXGroup;
			children = (
				04CA4AA4283D9C250094AC30 /* WatchaApp.swift */,
			);
			path = Application;
			sourceTree = "<group>";
		};
		04CA4ABF283D9DF60094AC30 /* Search */ = {
			isa = PBXGroup;
			children = (
				04CA4AB5283D9CFE0094AC30 /* SearchList.swift */,
				04CA4AB3283D9CE90094AC30 /* SearchBar.swift */,
				04CA4AC0283D9F3F0094AC30 /* SearchRow.swift */,
				04CA4AB7283D9D0B0094AC30 /* SearchDetail.swift */,
				04AEF9C7283DFC73002744B7 /* SearchViewModel.swift */,
			);
			path = Search;
			sourceTree = "<group>";
		};
		04CA4AC7283DCFB50094AC30 /* Services */ = {
			isa = PBXGroup;
			children = (
				04CA4AC8283DCFF50094AC30 /* APIManager.swift */,
				04CA4ACA283DD0000094AC30 /* APIServices.swift */,
			);
			path = Services;
			sourceTree = "<group>";
		};
/* End PBXGroup section */

/* Begin PBXNativeTarget section */
		04CA4AA0283D9C250094AC30 /* Watcha */ = {
			isa = PBXNativeTarget;
			buildConfigurationList = 04CA4AAF283D9C260094AC30 /* Build configuration list for PBXNativeTarget "Watcha" */;
			buildPhases = (
				04CA4A9D283D9C250094AC30 /* Sources */,
				04CA4A9E283D9C250094AC30 /* Frameworks */,
				04CA4A9F283D9C250094AC30 /* Resources */,
			);
			buildRules = (
			);
			dependencies = (
			);
			name = Watcha;
			packageProductDependencies = (
				04AEF9CA283E0773002744B7 /* Alamofire */,
			);
			productName = Watcha;
			productReference = 04CA4AA1283D9C250094AC30 /* Watcha.app */;
			productType = "com.apple.product-type.application";
		};
/* End PBXNativeTarget section */

/* Begin PBXProject section */
		04CA4A99283D9C250094AC30 /* Project object */ = {
			isa = PBXProject;
			attributes = {
				BuildIndependentTargetsInParallel = 1;
				LastSwiftUpdateCheck = 1340;
				LastUpgradeCheck = 1340;
				TargetAttributes = {
					04CA4AA0283D9C250094AC30 = {
						CreatedOnToolsVersion = 13.4;
					};
				};
			};
			buildConfigurationList = 04CA4A9C283D9C250094AC30 /* Build configuration list for PBXProject "Watcha" */;
			compatibilityVersion = "Xcode 13.0";
			developmentRegion = en;
			hasScannedForEncodings = 0;
			knownRegions = (
				en,
				Base,
			);
			mainGroup = 04CA4A98283D9C250094AC30;
			packageReferences = (
				04AEF9C9283E0773002744B7 /* XCRemoteSwiftPackageReference "Alamofire" */,
			);
			productRefGroup = 04CA4AA2283D9C250094AC30 /* Products */;
			projectDirPath = "";
			projectRoot = "";
			targets = (
				04CA4AA0283D9C250094AC30 /* Watcha */,
			);
		};
/* End PBXProject section */

/* Begin PBXResourcesBuildPhase section */
		04CA4A9F283D9C250094AC30 /* Resources */ = {
			isa = PBXResourcesBuildPhase;
			buildActionMask = 2147483647;
			files = (
				04CA4AAC283D9C260094AC30 /* Preview Assets.xcassets in Resources */,
				04CA4AA9283D9C260094AC30 /* Assets.xcassets in Resources */,
			);
			runOnlyForDeploymentPostprocessing = 0;
		};
/* End PBXResourcesBuildPhase section */

/* Begin PBXSourcesBuildPhase section */
		04CA4A9D283D9C250094AC30 /* Sources */ = {
			isa = PBXSourcesBuildPhase;
			buildActionMask = 2147483647;
			files = (
				04CA4AC9283DCFF50094AC30 /* APIManager.swift in Sources */,
				04CA4ABC283D9D600094AC30 /* Model.swift in Sources */,
				04CA4AB6283D9CFE0094AC30 /* SearchList.swift in Sources */,
				04CA4ACF283DD32A0094AC30 /* Images.swift in Sources */,
				04CA4ABE283D9DEA0094AC30 /* ContentView.swift in Sources */,
				04AEF9D0283E0997002744B7 /* URL.swift in Sources */,
				04CA4AB8283D9D0B0094AC30 /* SearchDetail.swift in Sources */,
				04AEF9C8283DFC73002744B7 /* SearchViewModel.swift in Sources */,
				04CA4AB4283D9CE90094AC30 /* SearchBar.swift in Sources */,
				04CA4AA5283D9C250094AC30 /* WatchaApp.swift in Sources */,
				04CA4AC1283D9F3F0094AC30 /* SearchRow.swift in Sources */,
				04CA4ACD283DD2B10094AC30 /* User.swift in Sources */,
				04CA4ACB283DD0000094AC30 /* APIServices.swift in Sources */,
			);
			runOnlyForDeploymentPostprocessing = 0;
		};
/* End PBXSourcesBuildPhase section */

/* Begin XCBuildConfiguration section */
		04CA4AAD283D9C260094AC30 /* Debug */ = {
			isa = XCBuildConfiguration;
			buildSettings = {
				ALWAYS_SEARCH_USER_PATHS = NO;
				CLANG_ANALYZER_NONNULL = YES;
				CLANG_ANALYZER_NUMBER_OBJECT_CONVERSION = YES_AGGRESSIVE;
				CLANG_CXX_LANGUAGE_STANDARD = "gnu++17";
				CLANG_ENABLE_MODULES = YES;
				CLANG_ENABLE_OBJC_ARC = YES;
				CLANG_ENABLE_OBJC_WEAK = YES;
				CLANG_WARN_BLOCK_CAPTURE_AUTORELEASING = YES;
				CLANG_WARN_BOOL_CONVERSION = YES;
				CLANG_WARN_COMMA = YES;
				CLANG_WARN_CONSTANT_CONVERSION = YES;
				CLANG_WARN_DEPRECATED_OBJC_IMPLEMENTATIONS = YES;
				CLANG_WARN_DIRECT_OBJC_ISA_USAGE = YES_ERROR;
				CLANG_WARN_DOCUMENTATION_COMMENTS = YES;
				CLANG_WARN_EMPTY_BODY = YES;
				CLANG_WARN_ENUM_CONVERSION = YES;
				CLANG_WARN_INFINITE_RECURSION = YES;
				CLANG_WARN_INT_CONVERSION = YES;
				CLANG_WARN_NON_LITERAL_NULL_CONVERSION = YES;
				CLANG_WARN_OBJC_IMPLICIT_RETAIN_SELF = YES;
				CLANG_WARN_OBJC_LITERAL_CONVERSION = YES;
				CLANG_WARN_OBJC_ROOT_CLASS = YES_ERROR;
				CLANG_WARN_QUOTED_INCLUDE_IN_FRAMEWORK_HEADER = YES;
				CLANG_WARN_RANGE_LOOP_ANALYSIS = YES;
				CLANG_WARN_STRICT_PROTOTYPES = YES;
				CLANG_WARN_SUSPICIOUS_MOVE = YES;
				CLANG_WARN_UNGUARDED_AVAILABILITY = YES_AGGRESSIVE;
				CLANG_WARN_UNREACHABLE_CODE = YES;
				CLANG_WARN__DUPLICATE_METHOD_MATCH = YES;
				COPY_PHASE_STRIP = NO;
				DEBUG_INFORMATION_FORMAT = dwarf;
				ENABLE_STRICT_OBJC_MSGSEND = YES;
				ENABLE_TESTABILITY = YES;
				GCC_C_LANGUAGE_STANDARD = gnu11;
				GCC_DYNAMIC_NO_PIC = NO;
				GCC_NO_COMMON_BLOCKS = YES;
				GCC_OPTIMIZATION_LEVEL = 0;
				GCC_PREPROCESSOR_DEFINITIONS = (
					"DEBUG=1",
					"$(inherited)",
				);
				GCC_WARN_64_TO_32_BIT_CONVERSION = YES;
				GCC_WARN_ABOUT_RETURN_TYPE = YES_ERROR;
				GCC_WARN_UNDECLARED_SELECTOR = YES;
				GCC_WARN_UNINITIALIZED_AUTOS = YES_AGGRESSIVE;
				GCC_WARN_UNUSED_FUNCTION = YES;
				GCC_WARN_UNUSED_VARIABLE = YES;
				IPHONEOS_DEPLOYMENT_TARGET = 15.5;
				MTL_ENABLE_DEBUG_INFO = INCLUDE_SOURCE;
				MTL_FAST_MATH = YES;
				ONLY_ACTIVE_ARCH = YES;
				SDKROOT = iphoneos;
				SWIFT_ACTIVE_COMPILATION_CONDITIONS = DEBUG;
				SWIFT_OPTIMIZATION_LEVEL = "-Onone";
			};
			name = Debug;
		};
		04CA4AAE283D9C260094AC30 /* Release */ = {
			isa = XCBuildConfiguration;
			buildSettings = {
				ALWAYS_SEARCH_USER_PATHS = NO;
				CLANG_ANALYZER_NONNULL = YES;
				CLANG_ANALYZER_NUMBER_OBJECT_CONVERSION = YES_AGGRESSIVE;
				CLANG_CXX_LANGUAGE_STANDARD = "gnu++17";
				CLANG_ENABLE_MODULES = YES;
				CLANG_ENABLE_OBJC_ARC = YES;
				CLANG_ENABLE_OBJC_WEAK = YES;
				CLANG_WARN_BLOCK_CAPTURE_AUTORELEASING = YES;
				CLANG_WARN_BOOL_CONVERSION = YES;
				CLANG_WARN_COMMA = YES;
				CLANG_WARN_CONSTANT_CONVERSION = YES;
				CLANG_WARN_DEPRECATED_OBJC_IMPLEMENTATIONS = YES;
				CLANG_WARN_DIRECT_OBJC_ISA_USAGE = YES_ERROR;
				CLANG_WARN_DOCUMENTATION_COMMENTS = YES;
				CLANG_WARN_EMPTY_BODY = YES;
				CLANG_WARN_ENUM_CONVERSION = YES;
				CLANG_WARN_INFINITE_RECURSION = YES;
				CLANG_WARN_INT_CONVERSION = YES;
				CLANG_WARN_NON_LITERAL_NULL_CONVERSION = YES;
				CLANG_WARN_OBJC_IMPLICIT_RETAIN_SELF = YES;
				CLANG_WARN_OBJC_LITERAL_CONVERSION = YES;
				CLANG_WARN_OBJC_ROOT_CLASS = YES_ERROR;
				CLANG_WARN_QUOTED_INCLUDE_IN_FRAMEWORK_HEADER = YES;
				CLANG_WARN_RANGE_LOOP_ANALYSIS = YES;
				CLANG_WARN_STRICT_PROTOTYPES = YES;
				CLANG_WARN_SUSPICIOUS_MOVE = YES;
				CLANG_WARN_UNGUARDED_AVAILABILITY = YES_AGGRESSIVE;
				CLANG_WARN_UNREACHABLE_CODE = YES;
				CLANG_WARN__DUPLICATE_METHOD_MATCH = YES;
				COPY_PHASE_STRIP = NO;
				DEBUG_INFORMATION_FORMAT = "dwarf-with-dsym";
				ENABLE_NS_ASSERTIONS = NO;
				ENABLE_STRICT_OBJC_MSGSEND = YES;
				GCC_C_LANGUAGE_STANDARD = gnu11;
				GCC_NO_COMMON_BLOCKS = YES;
				GCC_WARN_64_TO_32_BIT_CONVERSION = YES;
				GCC_WARN_ABOUT_RETURN_TYPE = YES_ERROR;
				GCC_WARN_UNDECLARED_SELECTOR = YES;
				GCC_WARN_UNINITIALIZED_AUTOS = YES_AGGRESSIVE;
				GCC_WARN_UNUSED_FUNCTION = YES;
				GCC_WARN_UNUSED_VARIABLE = YES;
				IPHONEOS_DEPLOYMENT_TARGET = 15.5;
				MTL_ENABLE_DEBUG_INFO = NO;
				MTL_FAST_MATH = YES;
				SDKROOT = iphoneos;
				SWIFT_COMPILATION_MODE = wholemodule;
				SWIFT_OPTIMIZATION_LEVEL = "-O";
				VALIDATE_PRODUCT = YES;
			};
			name = Release;
		};
		04CA4AB0283D9C260094AC30 /* Debug */ = {
			isa = XCBuildConfiguration;
			buildSettings = {
				ASSETCATALOG_COMPILER_APPICON_NAME = AppIcon;
				ASSETCATALOG_COMPILER_GLOBAL_ACCENT_COLOR_NAME = AccentColor;
				CODE_SIGN_STYLE = Automatic;
				CURRENT_PROJECT_VERSION = 1;
				DEVELOPMENT_ASSET_PATHS = "\"Watcha/Preview Content\"";
				ENABLE_PREVIEWS = YES;
				GENERATE_INFOPLIST_FILE = YES;
				INFOPLIST_KEY_UIApplicationSceneManifest_Generation = YES;
				INFOPLIST_KEY_UIApplicationSupportsIndirectInputEvents = YES;
				INFOPLIST_KEY_UILaunchScreen_Generation = YES;
				INFOPLIST_KEY_UISupportedInterfaceOrientations_iPad = "UIInterfaceOrientationPortrait UIInterfaceOrientationPortraitUpsideDown UIInterfaceOrientationLandscapeLeft UIInterfaceOrientationLandscapeRight";
				INFOPLIST_KEY_UISupportedInterfaceOrientations_iPhone = "UIInterfaceOrientationPortrait UIInterfaceOrientationLandscapeLeft UIInterfaceOrientationLandscapeRight";
				LD_RUNPATH_SEARCH_PATHS = (
					"$(inherited)",
					"@executable_path/Frameworks",
				);
				MARKETING_VERSION = 1.0;
				PRODUCT_BUNDLE_IDENTIFIER = net.ognam.Watcha;
				PRODUCT_NAME = "$(TARGET_NAME)";
				SWIFT_EMIT_LOC_STRINGS = YES;
				SWIFT_VERSION = 5.0;
				TARGETED_DEVICE_FAMILY = "1,2";
			};
			name = Debug;
		};
		04CA4AB1283D9C260094AC30 /* Release */ = {
			isa = XCBuildConfiguration;
			buildSettings = {
				ASSETCATALOG_COMPILER_APPICON_NAME = AppIcon;
				ASSETCATALOG_COMPILER_GLOBAL_ACCENT_COLOR_NAME = AccentColor;
				CODE_SIGN_STYLE = Automatic;
				CURRENT_PROJECT_VERSION = 1;
				DEVELOPMENT_ASSET_PATHS = "\"Watcha/Preview Content\"";
				ENABLE_PREVIEWS = YES;
				GENERATE_INFOPLIST_FILE = YES;
				INFOPLIST_KEY_UIApplicationSceneManifest_Generation = YES;
				INFOPLIST_KEY_UIApplicationSupportsIndirectInputEvents = YES;
				INFOPLIST_KEY_UILaunchScreen_Generation = YES;
				INFOPLIST_KEY_UISupportedInterfaceOrientations_iPad = "UIInterfaceOrientationPortrait UIInterfaceOrientationPortraitUpsideDown UIInterfaceOrientationLandscapeLeft UIInterfaceOrientationLandscapeRight";
				INFOPLIST_KEY_UISupportedInterfaceOrientations_iPhone = "UIInterfaceOrientationPortrait UIInterfaceOrientationLandscapeLeft UIInterfaceOrientationLandscapeRight";
				LD_RUNPATH_SEARCH_PATHS = (
					"$(inherited)",
					"@executable_path/Frameworks",
				);
				MARKETING_VERSION = 1.0;
				PRODUCT_BUNDLE_IDENTIFIER = net.ognam.Watcha;
				PRODUCT_NAME = "$(TARGET_NAME)";
				SWIFT_EMIT_LOC_STRINGS = YES;
				SWIFT_VERSION = 5.0;
				TARGETED_DEVICE_FAMILY = "1,2";
			};
			name = Release;
		};
/* End XCBuildConfiguration section */

/* Begin XCConfigurationList section */
		04CA4A9C283D9C250094AC30 /* Build configuration list for PBXProject "Watcha" */ = {
			isa = XCConfigurationList;
			buildConfigurations = (
				04CA4AAD283D9C260094AC30 /* Debug */,
				04CA4AAE283D9C260094AC30 /* Release */,
			);
			defaultConfigurationIsVisible = 0;
			defaultConfigurationName = Release;
		};
		04CA4AAF283D9C260094AC30 /* Build configuration list for PBXNativeTarget "Watcha" */ = {
			isa = XCConfigurationList;
			buildConfigurations = (
				04CA4AB0283D9C260094AC30 /* Debug */,
				04CA4AB1283D9C260094AC30 /* Release */,
			);
			defaultConfigurationIsVisible = 0;
			defaultConfigurationName = Release;
		};
/* End XCConfigurationList section */

/* Begin XCRemoteSwiftPackageReference section */
		04AEF9C9283E0773002744B7 /* XCRemoteSwiftPackageReference "Alamofire" */ = {
			isa = XCRemoteSwiftPackageReference;
			repositoryURL = "https://github.com/Alamofire/Alamofire.git";
			requirement = {
				kind = upToNextMajorVersion;
				minimumVersion = 5.0.0;
			};
		};
/* End XCRemoteSwiftPackageReference section */

/* Begin XCSwiftPackageProductDependency section */
		04AEF9CA283E0773002744B7 /* Alamofire */ = {
			isa = XCSwiftPackageProductDependency;
			package = 04AEF9C9283E0773002744B7 /* XCRemoteSwiftPackageReference "Alamofire" */;
			productName = Alamofire;
		};
/* End XCSwiftPackageProductDependency section */
	};
	rootObject = 04CA4A99283D9C250094AC30 /* Project object */;
}
